
Microsoft Visual Studio Solution File, Format Version 12.00
# Visual Studio 15
VisualStudioVersion = 15.0.26403.3
MinimumVisualStudioVersion = 10.0.40219.1
Project("{FAE04EC0-301F-11D3-BF4B-00C04F79EFBC}") = "AlbertPower", "AlbertPower\AlbertPower.csproj", "{07E0C221-8F02-43AE-8B32-32FCA8A00DF7}"
EndProject
Project("{FAE04EC0-301F-11D3-BF4B-00C04F79EFBC}") = "AlbertUWP", "AlbertUWP\AlbertUWP.csproj", "{4BDB8D65-CC7D-460E-94E9-56EB8ABDC39D}"
EndProject
Project("{FAE04EC0-301F-11D3-BF4B-00C04F79EFBC}") = "AlbertWPF", "AlbertWPF\AlbertWPF.csproj", "{112A2A44-4D21-451E-9B3B-994060152F6E}"
EndProject
Project("{D954291E-2A0B-460D-934E-DC6B0785DB48}") = "AlbertWeb", "AlbertWeb\AlbertWeb.shproj", "{49FA90E9-4765-4B2E-93EC-4390EEEF8FAE}"
EndProject
Global
	GlobalSection(SharedMSBuildProjectFiles) = preSolution
		AlbertWeb\AlbertWeb.projitems*{49fa90e9-4765-4b2e-93ec-4390eeef8fae}*SharedItemsImports = 13
	EndGlobalSection
	GlobalSection(SolutionConfigurationPlatforms) = preSolution
		Debug|Any CPU = Debug|Any CPU
		Debug|ARM = Debug|ARM
		Debug|x64 = Debug|x64
		Debug|x86 = Debug|x86
		Release|Any CPU = Release|Any CPU
		Release|ARM = Release|ARM
		Release|x64 = Release|x64
		Release|x86 = Release|x86
	EndGlobalSection
	GlobalSection(ProjectConfigurationPlatforms) = postSolution
		{07E0C221-8F02-43AE-8B32-32FCA8A00DF7}.Debug|Any CPU.ActiveCfg = Debug|Any CPU
		{07E0C221-8F02-43AE-8B32-32FCA8A00DF7}.Debug|Any CPU.Build.0 = Debug|Any CPU
		{07E0C221-8F02-43AE-8B32-32FCA8A00DF7}.Debug|ARM.ActiveCfg = Debug|Any CPU
		{07E0C221-8F02-43AE-8B32-32FCA8A00DF7}.Debug|ARM.Build.0 = Debug|Any CPU
		{07E0C221-8F02-43AE-8B32-32FCA8A00DF7}.Debug|x64.ActiveCfg = Debug|Any CPU
		{07E0C221-8F02-43AE-8B32-32FCA8A00DF7}.Debug|x64.Build.0 = Debug|Any CPU
		{07E0C221-8F02-43AE-8B32-32FCA8A00DF7}.Debug|x86.ActiveCfg = Debug|Any CPU
		{07E0C221-8F02-43AE-8B32-32FCA8A00DF7}.Debug|x86.Build.0 = Debug|Any CPU
		{07E0C221-8F02-43AE-8B32-32FCA8A00DF7}.Release|Any CPU.ActiveCfg = Release|Any CPU
		{07E0C221-8F02-43AE-8B32-32FCA8A00DF7}.Release|Any CPU.Build.0 = Release|Any CPU
		{07E0C221-8F02-43AE-8B32-32FCA8A00DF7}.Release|ARM.ActiveCfg = Release|Any CPU
		{07E0C221-8F02-43AE-8B32-32FCA8A00DF7}.Release|ARM.Build.0 = Release|Any CPU
		{07E0C221-8F02-43AE-8B32-32FCA8A00DF7}.Release|x64.ActiveCfg = Release|Any CPU
		{07E0C221-8F02-43AE-8B32-32FCA8A00DF7}.Release|x64.Build.0 = Release|Any CPU
		{07E0C221-8F02-43AE-8B32-32FCA8A00DF7}.Release|x86.ActiveCfg = Release|Any CPU
		{07E0C221-8F02-43AE-8B32-32FCA8A00DF7}.Release|x86.Build.0 = Release|Any CPU
		{4BDB8D65-CC7D-460E-94E9-56EB8ABDC39D}.Debug|Any CPU.ActiveCfg = Debug|Any CPU
		{4BDB8D65-CC7D-460E-94E9-56EB8ABDC39D}.Debug|Any CPU.Build.0 = Debug|Any CPU
		{4BDB8D65-CC7D-460E-94E9-56EB8ABDC39D}.Debug|ARM.ActiveCfg = Debug|ARM
		{4BDB8D65-CC7D-460E-94E9-56EB8ABDC39D}.Debug|ARM.Build.0 = Debug|ARM
		{4BDB8D65-CC7D-460E-94E9-56EB8ABDC39D}.Debug|x64.ActiveCfg = Debug|x64
		{4BDB8D65-CC7D-460E-94E9-56EB8ABDC39D}.Debug|x64.Build.0 = Debug|x64
		{4BDB8D65-CC7D-460E-94E9-56EB8ABDC39D}.Debug|x86.ActiveCfg = Debug|x86
		{4BDB8D65-CC7D-460E-94E9-56EB8ABDC39D}.Debug|x86.Build.0 = Debug|x86
		{4BDB8D65-CC7D-460E-94E9-56EB8ABDC39D}.Release|Any CPU.ActiveCfg = Release|Any CPU
		{4BDB8D65-CC7D-460E-94E9-56EB8ABDC39D}.Release|Any CPU.Build.0 = Release|Any CPU
		{4BDB8D65-CC7D-460E-94E9-56EB8ABDC39D}.Release|ARM.ActiveCfg = Release|ARM
		{4BDB8D65-CC7D-460E-94E9-56EB8ABDC39D}.Release|ARM.Build.0 = Release|ARM
		{4BDB8D65-CC7D-460E-94E9-56EB8ABDC39D}.Release|x64.ActiveCfg = Release|x64
		{4BDB8D65-CC7D-460E-94E9-56EB8ABDC39D}.Release|x64.Build.0 = Release|x64
		{4BDB8D65-CC7D-460E-94E9-56EB8ABDC39D}.Release|x86.ActiveCfg = Release|x86
		{4BDB8D65-CC7D-460E-94E9-56EB8ABDC39D}.Release|x86.Build.0 = Release|x86
		{112A2A44-4D21-451E-9B3B-994060152F6E}.Debug|Any CPU.ActiveCfg = Debug|Any CPU
		{112A2A44-4D21-451E-9B3B-994060152F6E}.Debug|Any CPU.Build.0 = Debug|Any CPU
		{112A2A44-4D21-451E-9B3B-994060152F6E}.Debug|ARM.ActiveCfg = Debug|Any CPU
		{112A2A44-4D21-451E-9B3B-994060152F6E}.Debug|ARM.Build.0 = Debug|Any CPU
		{112A2A44-4D21-451E-9B3B-994060152F6E}.Debug|x64.ActiveCfg = Debug|Any CPU
		{112A2A44-4D21-451E-9B3B-994060152F6E}.Debug|x64.Build.0 = Debug|Any CPU
		{112A2A44-4D21-451E-9B3B-994060152F6E}.Debug|x86.ActiveCfg = Debug|Any CPU
		{112A2A44-4D21-451E-9B3B-994060152F6E}.Debug|x86.Build.0 = Debug|Any CPU
		{112A2A44-4D21-451E-9B3B-994060152F6E}.Release|Any CPU.ActiveCfg = Release|Any CPU
		{112A2A44-4D21-451E-9B3B-994060152F6E}.Release|Any CPU.Build.0 = Release|Any CPU
		{112A2A44-4D21-451E-9B3B-994060152F6E}.Release|ARM.ActiveCfg = Release|Any CPU
		{112A2A44-4D21-451E-9B3B-994060152F6E}.Release|ARM.Build.0 = Release|Any CPU
		{112A2A44-4D21-451E-9B3B-994060152F6E}.Release|x64.ActiveCfg = Release|Any CPU
		{112A2A44-4D21-451E-9B3B-994060152F6E}.Release|x64.Build.0 = Release|Any CPU
		{112A2A44-4D21-451E-9B3B-994060152F6E}.Release|x86.ActiveCfg = Release|Any CPU
		{112A2A44-4D21-451E-9B3B-994060152F6E}.Release|x86.Build.0 = Release|Any CPU
	EndGlobalSection
	GlobalSection(SolutionProperties) = preSolution
		HideSolutionNode = FALSE
	EndGlobalSection
EndGlobal
