
Microsoft Visual Studio Solution File, Format Version 12.00
# Visual Studio 15
VisualStudioVersion = 15.0.26228.4
MinimumVisualStudioVersion = 10.0.40219.1
Project("{9A19103F-16F7-4668-BE54-9A1E7A4F7556}") = "AlbertPower", "..\AlbertPower\AlbertPower\AlbertPower.csproj", "{48B7F450-C781-44F7-80EA-473CE4053F54}"
EndProject
Project("{FAE04EC0-301F-11D3-BF4B-00C04F79EFBC}") = "AlbertUWP", "..\AlbertPower\AlbertUWP\AlbertUWP.csproj", "{4BDB8D65-CC7D-460E-94E9-56EB8ABDC39D}"
EndProject
Project("{FAE04EC0-301F-11D3-BF4B-00C04F79EFBC}") = "AlbertWPF", "..\AlbertPower\AlbertWPF\AlbertWPF.csproj", "{112A2A44-4D21-451E-9B3B-994060152F6E}"
EndProject
Project("{FAE04EC0-301F-11D3-BF4B-00C04F79EFBC}") = "aPowerWebConsole", "aPowerWebConsole\aPowerWebConsole.csproj", "{C8B2AA41-69DE-4569-80C4-FD3B0F60ADCE}"
EndProject
Global
	GlobalSection(SolutionConfigurationPlatforms) = preSolution
		Debug|Any CPU = Debug|Any CPU
		Debug|ARM = Debug|ARM
		Debug|x64 = Debug|x64
		Debug|x86 = Debug|x86
		Release|Any CPU = Release|Any CPU
		Release|ARM = Release|ARM
		Release|x64 = Release|x64
		Release|x86 = Release|x86
	EndGlobalSection
	GlobalSection(ProjectConfigurationPlatforms) = postSolution
		{48B7F450-C781-44F7-80EA-473CE4053F54}.Debug|Any CPU.ActiveCfg = Debug|Any CPU
		{48B7F450-C781-44F7-80EA-473CE4053F54}.Debug|Any CPU.Build.0 = Debug|Any CPU
		{48B7F450-C781-44F7-80EA-473CE4053F54}.Debug|ARM.ActiveCfg = Debug|Any CPU
		{48B7F450-C781-44F7-80EA-473CE4053F54}.Debug|ARM.Build.0 = Debug|Any CPU
		{48B7F450-C781-44F7-80EA-473CE4053F54}.Debug|x64.ActiveCfg = Debug|Any CPU
		{48B7F450-C781-44F7-80EA-473CE4053F54}.Debug|x64.Build.0 = Debug|Any CPU
		{48B7F450-C781-44F7-80EA-473CE4053F54}.Debug|x86.ActiveCfg = Debug|Any CPU
		{48B7F450-C781-44F7-80EA-473CE4053F54}.Debug|x86.Build.0 = Debug|Any CPU
		{48B7F450-C781-44F7-80EA-473CE4053F54}.Release|Any CPU.ActiveCfg = Release|Any CPU
		{48B7F450-C781-44F7-80EA-473CE4053F54}.Release|Any CPU.Build.0 = Release|Any CPU
		{48B7F450-C781-44F7-80EA-473CE4053F54}.Release|ARM.ActiveCfg = Release|Any CPU
		{48B7F450-C781-44F7-80EA-473CE4053F54}.Release|ARM.Build.0 = Release|Any CPU
		{48B7F450-C781-44F7-80EA-473CE4053F54}.Release|x64.ActiveCfg = Release|Any CPU
		{48B7F450-C781-44F7-80EA-473CE4053F54}.Release|x64.Build.0 = Release|Any CPU
		{48B7F450-C781-44F7-80EA-473CE4053F54}.Release|x86.ActiveCfg = Release|Any CPU
		{48B7F450-C781-44F7-80EA-473CE4053F54}.Release|x86.Build.0 = Release|Any CPU
		{4BDB8D65-CC7D-460E-94E9-56EB8ABDC39D}.Debug|Any CPU.ActiveCfg = Debug|Any CPU
		{4BDB8D65-CC7D-460E-94E9-56EB8ABDC39D}.Debug|Any CPU.Build.0 = Debug|Any CPU
		{4BDB8D65-CC7D-460E-94E9-56EB8ABDC39D}.Debug|ARM.ActiveCfg = Debug|ARM
		{4BDB8D65-CC7D-460E-94E9-56EB8ABDC39D}.Debug|ARM.Build.0 = Debug|ARM
		{4BDB8D65-CC7D-460E-94E9-56EB8ABDC39D}.Debug|x64.ActiveCfg = Debug|x64
		{4BDB8D65-CC7D-460E-94E9-56EB8ABDC39D}.Debug|x64.Build.0 = Debug|x64
		{4BDB8D65-CC7D-460E-94E9-56EB8ABDC39D}.Debug|x86.ActiveCfg = Debug|x86
		{4BDB8D65-CC7D-460E-94E9-56EB8ABDC39D}.Debug|x86.Build.0 = Debug|x86
		{4BDB8D65-CC7D-460E-94E9-56EB8ABDC39D}.Release|Any CPU.ActiveCfg = Release|Any CPU
		{4BDB8D65-CC7D-460E-94E9-56EB8ABDC39D}.Release|Any CPU.Build.0 = Release|Any CPU
		{4BDB8D65-CC7D-460E-94E9-56EB8ABDC39D}.Release|ARM.ActiveCfg = Release|ARM
		{4BDB8D65-CC7D-460E-94E9-56EB8ABDC39D}.Release|ARM.Build.0 = Release|ARM
		{4BDB8D65-CC7D-460E-94E9-56EB8ABDC39D}.Release|x64.ActiveCfg = Release|x64
		{4BDB8D65-CC7D-460E-94E9-56EB8ABDC39D}.Release|x64.Build.0 = Release|x64
		{4BDB8D65-CC7D-460E-94E9-56EB8ABDC39D}.Release|x86.ActiveCfg = Release|x86
		{4BDB8D65-CC7D-460E-94E9-56EB8ABDC39D}.Release|x86.Build.0 = Release|x86
		{112A2A44-4D21-451E-9B3B-994060152F6E}.Debug|Any CPU.ActiveCfg = Debug|Any CPU
		{112A2A44-4D21-451E-9B3B-994060152F6E}.Debug|Any CPU.Build.0 = Debug|Any CPU
		{112A2A44-4D21-451E-9B3B-994060152F6E}.Debug|ARM.ActiveCfg = Debug|Any CPU
		{112A2A44-4D21-451E-9B3B-994060152F6E}.Debug|ARM.Build.0 = Debug|Any CPU
		{112A2A44-4D21-451E-9B3B-994060152F6E}.Debug|x64.ActiveCfg = Debug|Any CPU
		{112A2A44-4D21-451E-9B3B-994060152F6E}.Debug|x64.Build.0 = Debug|Any CPU
		{112A2A44-4D21-451E-9B3B-994060152F6E}.Debug|x86.ActiveCfg = Debug|Any CPU
		{112A2A44-4D21-451E-9B3B-994060152F6E}.Debug|x86.Build.0 = Debug|Any CPU
		{112A2A44-4D21-451E-9B3B-994060152F6E}.Release|Any CPU.ActiveCfg = Release|Any CPU
		{112A2A44-4D21-451E-9B3B-994060152F6E}.Release|Any CPU.Build.0 = Release|Any CPU
		{112A2A44-4D21-451E-9B3B-994060152F6E}.Release|ARM.ActiveCfg = Release|Any CPU
		{112A2A44-4D21-451E-9B3B-994060152F6E}.Release|ARM.Build.0 = Release|Any CPU
		{112A2A44-4D21-451E-9B3B-994060152F6E}.Release|x64.ActiveCfg = Release|Any CPU
		{112A2A44-4D21-451E-9B3B-994060152F6E}.Release|x64.Build.0 = Release|Any CPU
		{112A2A44-4D21-451E-9B3B-994060152F6E}.Release|x86.ActiveCfg = Release|Any CPU
		{112A2A44-4D21-451E-9B3B-994060152F6E}.Release|x86.Build.0 = Release|Any CPU
		{C8B2AA41-69DE-4569-80C4-FD3B0F60ADCE}.Debug|Any CPU.ActiveCfg = Debug|Any CPU
		{C8B2AA41-69DE-4569-80C4-FD3B0F60ADCE}.Debug|Any CPU.Build.0 = Debug|Any CPU
		{C8B2AA41-69DE-4569-80C4-FD3B0F60ADCE}.Debug|ARM.ActiveCfg = Debug|Any CPU
		{C8B2AA41-69DE-4569-80C4-FD3B0F60ADCE}.Debug|ARM.Build.0 = Debug|Any CPU
		{C8B2AA41-69DE-4569-80C4-FD3B0F60ADCE}.Debug|x64.ActiveCfg = Debug|Any CPU
		{C8B2AA41-69DE-4569-80C4-FD3B0F60ADCE}.Debug|x64.Build.0 = Debug|Any CPU
		{C8B2AA41-69DE-4569-80C4-FD3B0F60ADCE}.Debug|x86.ActiveCfg = Debug|Any CPU
		{C8B2AA41-69DE-4569-80C4-FD3B0F60ADCE}.Debug|x86.Build.0 = Debug|Any CPU
		{C8B2AA41-69DE-4569-80C4-FD3B0F60ADCE}.Release|Any CPU.ActiveCfg = Release|Any CPU
		{C8B2AA41-69DE-4569-80C4-FD3B0F60ADCE}.Release|Any CPU.Build.0 = Release|Any CPU
		{C8B2AA41-69DE-4569-80C4-FD3B0F60ADCE}.Release|ARM.ActiveCfg = Release|Any CPU
		{C8B2AA41-69DE-4569-80C4-FD3B0F60ADCE}.Release|ARM.Build.0 = Release|Any CPU
		{C8B2AA41-69DE-4569-80C4-FD3B0F60ADCE}.Release|x64.ActiveCfg = Release|Any CPU
		{C8B2AA41-69DE-4569-80C4-FD3B0F60ADCE}.Release|x64.Build.0 = Release|Any CPU
		{C8B2AA41-69DE-4569-80C4-FD3B0F60ADCE}.Release|x86.ActiveCfg = Release|Any CPU
		{C8B2AA41-69DE-4569-80C4-FD3B0F60ADCE}.Release|x86.Build.0 = Release|Any CPU
	EndGlobalSection
	GlobalSection(SolutionProperties) = preSolution
		HideSolutionNode = FALSE
	EndGlobalSection
EndGlobal
