
Microsoft Visual Studio Solution File, Format Version 12.00
# Visual Studio 15
VisualStudioVersion = 15.0.26403.3
MinimumVisualStudioVersion = 10.0.40219.1
Project("{9A19103F-16F7-4668-BE54-9A1E7A4F7556}") = "AlbertPower", "..\AlbertPower\AlbertPower\AlbertPower.csproj", "{48B7F450-C781-44F7-80EA-473CE4053F54}"
EndProject
Project("{FAE04EC0-301F-11D3-BF4B-00C04F79EFBC}") = "AlbertUWP", "..\AlbertPower\AlbertUWP\AlbertUWP.csproj", "{4BDB8D65-CC7D-460E-94E9-56EB8ABDC39D}"
EndProject
Project("{FAE04EC0-301F-11D3-BF4B-00C04F79EFBC}") = "AlbertWPF", "..\AlbertPower\AlbertWPF\AlbertWPF.csproj", "{112A2A44-4D21-451E-9B3B-994060152F6E}"
EndProject
Project("{FAE04EC0-301F-11D3-BF4B-00C04F79EFBC}") = "aPowerWebConsole", "aPowerWebConsole\aPowerWebConsole.csproj", "{C8B2AA41-69DE-4569-80C4-FD3B0F60ADCE}"
EndProject
Project("{D954291E-2A0B-460D-934E-DC6B0785DB48}") = "AlbertWeb", "..\AlbertPower\AlbertWeb\AlbertWeb.shproj", "{49FA90E9-4765-4B2E-93EC-4390EEEF8FAE}"
EndProject
Project("{2150E333-8FDC-42A3-9474-1A3956D46DE8}") = "UWP", "UWP", "{A104016E-E4B9-4451-A04E-EF0FE9406B38}"
EndProject
Project("{2150E333-8FDC-42A3-9474-1A3956D46DE8}") = "Win32", "Win32", "{D8BFB9CA-44CA-468C-BD1B-9FD823E30E00}"
EndProject
Project("{FAE04EC0-301F-11D3-BF4B-00C04F79EFBC}") = "aPowerLab", "aPowerLab\aPowerLab.csproj", "{CFEEEB93-F771-4299-ADE7-EE941EE2B5DB}"
EndProject
Global
	GlobalSection(SharedMSBuildProjectFiles) = preSolution
		..\AlbertPower\AlbertWeb\AlbertWeb.projitems*{49fa90e9-4765-4b2e-93ec-4390eeef8fae}*SharedItemsImports = 13
		..\AlbertPower\AlbertWeb\AlbertWeb.projitems*{c8b2aa41-69de-4569-80c4-fd3b0f60adce}*SharedItemsImports = 4
		..\AlbertPower\AlbertWeb\AlbertWeb.projitems*{cfeeeb93-f771-4299-ade7-ee941ee2b5db}*SharedItemsImports = 4
	EndGlobalSection
	GlobalSection(SolutionConfigurationPlatforms) = preSolution
		Debug|Any CPU = Debug|Any CPU
		Debug|ARM = Debug|ARM
		Debug|x64 = Debug|x64
		Debug|x86 = Debug|x86
		Release|Any CPU = Release|Any CPU
		Release|ARM = Release|ARM
		Release|x64 = Release|x64
		Release|x86 = Release|x86
	EndGlobalSection
	GlobalSection(ProjectConfigurationPlatforms) = postSolution
		{48B7F450-C781-44F7-80EA-473CE4053F54}.Debug|Any CPU.ActiveCfg = Debug|Any CPU
		{48B7F450-C781-44F7-80EA-473CE4053F54}.Debug|Any CPU.Build.0 = Debug|Any CPU
		{48B7F450-C781-44F7-80EA-473CE4053F54}.Debug|ARM.ActiveCfg = Debug|Any CPU
		{48B7F450-C781-44F7-80EA-473CE4053F54}.Debug|ARM.Build.0 = Debug|Any CPU
		{48B7F450-C781-44F7-80EA-473CE4053F54}.Debug|x64.ActiveCfg = Debug|Any CPU
		{48B7F450-C781-44F7-80EA-473CE4053F54}.Debug|x64.Build.0 = Debug|Any CPU
		{48B7F450-C781-44F7-80EA-473CE4053F54}.Debug|x86.ActiveCfg = Debug|Any CPU
		{48B7F450-C781-44F7-80EA-473CE4053F54}.Debug|x86.Build.0 = Debug|Any CPU
		{48B7F450-C781-44F7-80EA-473CE4053F54}.Release|Any CPU.ActiveCfg = Release|Any CPU
		{48B7F450-C781-44F7-80EA-473CE4053F54}.Release|Any CPU.Build.0 = Release|Any CPU
		{48B7F450-C781-44F7-80EA-473CE4053F54}.Release|ARM.ActiveCfg = Release|Any CPU
		{48B7F450-C781-44F7-80EA-473CE4053F54}.Release|ARM.Build.0 = Release|Any CPU
		{48B7F450-C781-44F7-80EA-473CE4053F54}.Release|x64.ActiveCfg = Release|Any CPU
		{48B7F450-C781-44F7-80EA-473CE4053F54}.Release|x64.Build.0 = Release|Any CPU
		{48B7F450-C781-44F7-80EA-473CE4053F54}.Release|x86.ActiveCfg = Release|Any CPU
		{48B7F450-C781-44F7-80EA-473CE4053F54}.Release|x86.Build.0 = Release|Any CPU
		{4BDB8D65-CC7D-460E-94E9-56EB8ABDC39D}.Debug|Any CPU.ActiveCfg = Debug|Any CPU
		{4BDB8D65-CC7D-460E-94E9-56EB8ABDC39D}.Debug|Any CPU.Build.0 = Debug|Any CPU
		{4BDB8D65-CC7D-460E-94E9-56EB8ABDC39D}.Debug|ARM.ActiveCfg = Debug|ARM
		{4BDB8D65-CC7D-460E-94E9-56EB8ABDC39D}.Debug|ARM.Build.0 = Debug|ARM
		{4BDB8D65-CC7D-460E-94E9-56EB8ABDC39D}.Debug|x64.ActiveCfg = Debug|x64
		{4BDB8D65-CC7D-460E-94E9-56EB8ABDC39D}.Debug|x64.Build.0 = Debug|x64
		{4BDB8D65-CC7D-460E-94E9-56EB8ABDC39D}.Debug|x86.ActiveCfg = Debug|x86
		{4BDB8D65-CC7D-460E-94E9-56EB8ABDC39D}.Debug|x86.Build.0 = Debug|x86
		{4BDB8D65-CC7D-460E-94E9-56EB8ABDC39D}.Release|Any CPU.ActiveCfg = Release|Any CPU
		{4BDB8D65-CC7D-460E-94E9-56EB8ABDC39D}.Release|Any CPU.Build.0 = Release|Any CPU
		{4BDB8D65-CC7D-460E-94E9-56EB8ABDC39D}.Release|ARM.ActiveCfg = Release|ARM
		{4BDB8D65-CC7D-460E-94E9-56EB8ABDC39D}.Release|ARM.Build.0 = Release|ARM
		{4BDB8D65-CC7D-460E-94E9-56EB8ABDC39D}.Release|x64.ActiveCfg = Release|x64
		{4BDB8D65-CC7D-460E-94E9-56EB8ABDC39D}.Release|x64.Build.0 = Release|x64
		{4BDB8D65-CC7D-460E-94E9-56EB8ABDC39D}.Release|x86.ActiveCfg = Release|x86
		{4BDB8D65-CC7D-460E-94E9-56EB8ABDC39D}.Release|x86.Build.0 = Release|x86
		{112A2A44-4D21-451E-9B3B-994060152F6E}.Debug|Any CPU.ActiveCfg = Debug|Any CPU
		{112A2A44-4D21-451E-9B3B-994060152F6E}.Debug|Any CPU.Build.0 = Debug|Any CPU
		{112A2A44-4D21-451E-9B3B-994060152F6E}.Debug|ARM.ActiveCfg = Debug|Any CPU
		{112A2A44-4D21-451E-9B3B-994060152F6E}.Debug|ARM.Build.0 = Debug|Any CPU
		{112A2A44-4D21-451E-9B3B-994060152F6E}.Debug|x64.ActiveCfg = Debug|Any CPU
		{112A2A44-4D21-451E-9B3B-994060152F6E}.Debug|x64.Build.0 = Debug|Any CPU
		{112A2A44-4D21-451E-9B3B-994060152F6E}.Debug|x86.ActiveCfg = Debug|Any CPU
		{112A2A44-4D21-451E-9B3B-994060152F6E}.Debug|x86.Build.0 = Debug|Any CPU
		{112A2A44-4D21-451E-9B3B-994060152F6E}.Release|Any CPU.ActiveCfg = Release|Any CPU
		{112A2A44-4D21-451E-9B3B-994060152F6E}.Release|Any CPU.Build.0 = Release|Any CPU
		{112A2A44-4D21-451E-9B3B-994060152F6E}.Release|ARM.ActiveCfg = Release|Any CPU
		{112A2A44-4D21-451E-9B3B-994060152F6E}.Release|ARM.Build.0 = Release|Any CPU
		{112A2A44-4D21-451E-9B3B-994060152F6E}.Release|x64.ActiveCfg = Release|Any CPU
		{112A2A44-4D21-451E-9B3B-994060152F6E}.Release|x64.Build.0 = Release|Any CPU
		{112A2A44-4D21-451E-9B3B-994060152F6E}.Release|x86.ActiveCfg = Release|Any CPU
		{112A2A44-4D21-451E-9B3B-994060152F6E}.Release|x86.Build.0 = Release|Any CPU
		{C8B2AA41-69DE-4569-80C4-FD3B0F60ADCE}.Debug|Any CPU.ActiveCfg = Debug|Any CPU
		{C8B2AA41-69DE-4569-80C4-FD3B0F60ADCE}.Debug|Any CPU.Build.0 = Debug|Any CPU
		{C8B2AA41-69DE-4569-80C4-FD3B0F60ADCE}.Debug|ARM.ActiveCfg = Debug|Any CPU
		{C8B2AA41-69DE-4569-80C4-FD3B0F60ADCE}.Debug|ARM.Build.0 = Debug|Any CPU
		{C8B2AA41-69DE-4569-80C4-FD3B0F60ADCE}.Debug|x64.ActiveCfg = Debug|Any CPU
		{C8B2AA41-69DE-4569-80C4-FD3B0F60ADCE}.Debug|x64.Build.0 = Debug|Any CPU
		{C8B2AA41-69DE-4569-80C4-FD3B0F60ADCE}.Debug|x86.ActiveCfg = Debug|Any CPU
		{C8B2AA41-69DE-4569-80C4-FD3B0F60ADCE}.Debug|x86.Build.0 = Debug|Any CPU
		{C8B2AA41-69DE-4569-80C4-FD3B0F60ADCE}.Release|Any CPU.ActiveCfg = Release|Any CPU
		{C8B2AA41-69DE-4569-80C4-FD3B0F60ADCE}.Release|Any CPU.Build.0 = Release|Any CPU
		{C8B2AA41-69DE-4569-80C4-FD3B0F60ADCE}.Release|ARM.ActiveCfg = Release|Any CPU
		{C8B2AA41-69DE-4569-80C4-FD3B0F60ADCE}.Release|ARM.Build.0 = Release|Any CPU
		{C8B2AA41-69DE-4569-80C4-FD3B0F60ADCE}.Release|x64.ActiveCfg = Release|Any CPU
		{C8B2AA41-69DE-4569-80C4-FD3B0F60ADCE}.Release|x64.Build.0 = Release|Any CPU
		{C8B2AA41-69DE-4569-80C4-FD3B0F60ADCE}.Release|x86.ActiveCfg = Release|Any CPU
		{C8B2AA41-69DE-4569-80C4-FD3B0F60ADCE}.Release|x86.Build.0 = Release|Any CPU
		{CFEEEB93-F771-4299-ADE7-EE941EE2B5DB}.Debug|Any CPU.ActiveCfg = Debug|x86
		{CFEEEB93-F771-4299-ADE7-EE941EE2B5DB}.Debug|ARM.ActiveCfg = Debug|ARM
		{CFEEEB93-F771-4299-ADE7-EE941EE2B5DB}.Debug|ARM.Build.0 = Debug|ARM
		{CFEEEB93-F771-4299-ADE7-EE941EE2B5DB}.Debug|ARM.Deploy.0 = Debug|ARM
		{CFEEEB93-F771-4299-ADE7-EE941EE2B5DB}.Debug|x64.ActiveCfg = Debug|x64
		{CFEEEB93-F771-4299-ADE7-EE941EE2B5DB}.Debug|x64.Build.0 = Debug|x64
		{CFEEEB93-F771-4299-ADE7-EE941EE2B5DB}.Debug|x64.Deploy.0 = Debug|x64
		{CFEEEB93-F771-4299-ADE7-EE941EE2B5DB}.Debug|x86.ActiveCfg = Debug|x86
		{CFEEEB93-F771-4299-ADE7-EE941EE2B5DB}.Debug|x86.Build.0 = Debug|x86
		{CFEEEB93-F771-4299-ADE7-EE941EE2B5DB}.Debug|x86.Deploy.0 = Debug|x86
		{CFEEEB93-F771-4299-ADE7-EE941EE2B5DB}.Release|Any CPU.ActiveCfg = Release|x86
		{CFEEEB93-F771-4299-ADE7-EE941EE2B5DB}.Release|Any CPU.Build.0 = Release|x86
		{CFEEEB93-F771-4299-ADE7-EE941EE2B5DB}.Release|Any CPU.Deploy.0 = Release|x86
		{CFEEEB93-F771-4299-ADE7-EE941EE2B5DB}.Release|ARM.ActiveCfg = Release|ARM
		{CFEEEB93-F771-4299-ADE7-EE941EE2B5DB}.Release|ARM.Build.0 = Release|ARM
		{CFEEEB93-F771-4299-ADE7-EE941EE2B5DB}.Release|ARM.Deploy.0 = Release|ARM
		{CFEEEB93-F771-4299-ADE7-EE941EE2B5DB}.Release|x64.ActiveCfg = Release|x64
		{CFEEEB93-F771-4299-ADE7-EE941EE2B5DB}.Release|x64.Build.0 = Release|x64
		{CFEEEB93-F771-4299-ADE7-EE941EE2B5DB}.Release|x64.Deploy.0 = Release|x64
		{CFEEEB93-F771-4299-ADE7-EE941EE2B5DB}.Release|x86.ActiveCfg = Release|x86
		{CFEEEB93-F771-4299-ADE7-EE941EE2B5DB}.Release|x86.Build.0 = Release|x86
		{CFEEEB93-F771-4299-ADE7-EE941EE2B5DB}.Release|x86.Deploy.0 = Release|x86
	EndGlobalSection
	GlobalSection(SolutionProperties) = preSolution
		HideSolutionNode = FALSE
	EndGlobalSection
	GlobalSection(NestedProjects) = preSolution
		{4BDB8D65-CC7D-460E-94E9-56EB8ABDC39D} = {A104016E-E4B9-4451-A04E-EF0FE9406B38}
		{112A2A44-4D21-451E-9B3B-994060152F6E} = {D8BFB9CA-44CA-468C-BD1B-9FD823E30E00}
		{C8B2AA41-69DE-4569-80C4-FD3B0F60ADCE} = {D8BFB9CA-44CA-468C-BD1B-9FD823E30E00}
		{CFEEEB93-F771-4299-ADE7-EE941EE2B5DB} = {A104016E-E4B9-4451-A04E-EF0FE9406B38}
	EndGlobalSection
EndGlobal
